
Microsoft Visual Studio Solution File, Format Version 12.00
# Visual Studio 15
VisualStudioVersion = 15.0.27130.2010
MinimumVisualStudioVersion = 10.0.40219.1
Project("{FAE04EC0-301F-11D3-BF4B-00C04F79EFBC}") = "ThreadingExample", "ThreadingExample\ThreadingExample.csproj", "{369C2C80-4B19-4EA8-A18B-4F6DD36ED38B}"
EndProject
Global
	GlobalSection(SolutionConfigurationPlatforms) = preSolution
		Debug|Any CPU = Debug|Any CPU
		Release|Any CPU = Release|Any CPU
	EndGlobalSection
	GlobalSection(ProjectConfigurationPlatforms) = postSolution
		{369C2C80-4B19-4EA8-A18B-4F6DD36ED38B}.Debug|Any CPU.ActiveCfg = Debug|Any CPU
		{369C2C80-4B19-4EA8-A18B-4F6DD36ED38B}.Debug|Any CPU.Build.0 = Debug|Any CPU
		{369C2C80-4B19-4EA8-A18B-4F6DD36ED38B}.Release|Any CPU.ActiveCfg = Release|Any CPU
		{369C2C80-4B19-4EA8-A18B-4F6DD36ED38B}.Release|Any CPU.Build.0 = Release|Any CPU
	EndGlobalSection
	GlobalSection(SolutionProperties) = preSolution
		HideSolutionNode = FALSE
	EndGlobalSection
	GlobalSection(ExtensibilityGlobals) = postSolution
		SolutionGuid = {88E41B46-FAC4-4E7F-A46E-700AA660455F}
	EndGlobalSection
EndGlobal
