
Microsoft Visual Studio Solution File, Format Version 12.00
# Visual Studio 15
VisualStudioVersion = 15.0.27130.2010
MinimumVisualStudioVersion = 10.0.40219.1
Project("{FAE04EC0-301F-11D3-BF4B-00C04F79EFBC}") = "Practice", "Practice\Practice.csproj", "{6E3D885B-1C9B-4624-8434-82F8697ED676}"
EndProject
Global
	GlobalSection(SolutionConfigurationPlatforms) = preSolution
		Debug|Any CPU = Debug|Any CPU
		Release|Any CPU = Release|Any CPU
	EndGlobalSection
	GlobalSection(ProjectConfigurationPlatforms) = postSolution
		{6E3D885B-1C9B-4624-8434-82F8697ED676}.Debug|Any CPU.ActiveCfg = Debug|Any CPU
		{6E3D885B-1C9B-4624-8434-82F8697ED676}.Debug|Any CPU.Build.0 = Debug|Any CPU
		{6E3D885B-1C9B-4624-8434-82F8697ED676}.Release|Any CPU.ActiveCfg = Release|Any CPU
		{6E3D885B-1C9B-4624-8434-82F8697ED676}.Release|Any CPU.Build.0 = Release|Any CPU
	EndGlobalSection
	GlobalSection(SolutionProperties) = preSolution
		HideSolutionNode = FALSE
	EndGlobalSection
	GlobalSection(ExtensibilityGlobals) = postSolution
		SolutionGuid = {0E465E60-81F1-46B4-933F-7546FAE89D1A}
	EndGlobalSection
EndGlobal
