
Microsoft Visual Studio Solution File, Format Version 12.00
# Visual Studio 15
VisualStudioVersion = 15.0.27004.2005
MinimumVisualStudioVersion = 10.0.40219.1
Project("{FAE04EC0-301F-11D3-BF4B-00C04F79EFBC}") = "HtmlScanDemo", "HtmlScanDemo\HtmlScanDemo.csproj", "{1148B98B-97E9-400D-B3E0-952367D916EB}"
EndProject
Global
	GlobalSection(SolutionConfigurationPlatforms) = preSolution
		Debug|Any CPU = Debug|Any CPU
		Release|Any CPU = Release|Any CPU
	EndGlobalSection
	GlobalSection(ProjectConfigurationPlatforms) = postSolution
		{1148B98B-97E9-400D-B3E0-952367D916EB}.Debug|Any CPU.ActiveCfg = Debug|Any CPU
		{1148B98B-97E9-400D-B3E0-952367D916EB}.Debug|Any CPU.Build.0 = Debug|Any CPU
		{1148B98B-97E9-400D-B3E0-952367D916EB}.Release|Any CPU.ActiveCfg = Release|Any CPU
		{1148B98B-97E9-400D-B3E0-952367D916EB}.Release|Any CPU.Build.0 = Release|Any CPU
	EndGlobalSection
	GlobalSection(SolutionProperties) = preSolution
		HideSolutionNode = FALSE
	EndGlobalSection
	GlobalSection(ExtensibilityGlobals) = postSolution
		SolutionGuid = {26703840-96FD-4D7C-BDB5-F79E77624DD0}
	EndGlobalSection
EndGlobal
