
Microsoft Visual Studio Solution File, Format Version 12.00
# Visual Studio 15
VisualStudioVersion = 15.0.27130.2010
MinimumVisualStudioVersion = 10.0.40219.1
Project("{FAE04EC0-301F-11D3-BF4B-00C04F79EFBC}") = "LINQtoSQLDemo", "LINQtoSQLDemo\LINQtoSQLDemo.csproj", "{1EF29DDD-D0C4-44F2-ACDD-B26D4518894B}"
EndProject
Global
	GlobalSection(SolutionConfigurationPlatforms) = preSolution
		Debug|Any CPU = Debug|Any CPU
		Release|Any CPU = Release|Any CPU
	EndGlobalSection
	GlobalSection(ProjectConfigurationPlatforms) = postSolution
		{1EF29DDD-D0C4-44F2-ACDD-B26D4518894B}.Debug|Any CPU.ActiveCfg = Debug|Any CPU
		{1EF29DDD-D0C4-44F2-ACDD-B26D4518894B}.Debug|Any CPU.Build.0 = Debug|Any CPU
		{1EF29DDD-D0C4-44F2-ACDD-B26D4518894B}.Release|Any CPU.ActiveCfg = Release|Any CPU
		{1EF29DDD-D0C4-44F2-ACDD-B26D4518894B}.Release|Any CPU.Build.0 = Release|Any CPU
	EndGlobalSection
	GlobalSection(SolutionProperties) = preSolution
		HideSolutionNode = FALSE
	EndGlobalSection
	GlobalSection(ExtensibilityGlobals) = postSolution
		SolutionGuid = {8316EE58-D848-46B6-A019-5687A0826FF5}
	EndGlobalSection
EndGlobal
