
Microsoft Visual Studio Solution File, Format Version 12.00
# Visual Studio 15
VisualStudioVersion = 15.0.27004.2005
MinimumVisualStudioVersion = 10.0.40219.1
Project("{FAE04EC0-301F-11D3-BF4B-00C04F79EFBC}") = "FormExample", "FormExample\FormExample.csproj", "{20666983-AA39-49A5-B390-41E7271D9D1B}"
EndProject
Global
	GlobalSection(SolutionConfigurationPlatforms) = preSolution
		Debug|Any CPU = Debug|Any CPU
		Release|Any CPU = Release|Any CPU
	EndGlobalSection
	GlobalSection(ProjectConfigurationPlatforms) = postSolution
		{20666983-AA39-49A5-B390-41E7271D9D1B}.Debug|Any CPU.ActiveCfg = Debug|Any CPU
		{20666983-AA39-49A5-B390-41E7271D9D1B}.Debug|Any CPU.Build.0 = Debug|Any CPU
		{20666983-AA39-49A5-B390-41E7271D9D1B}.Release|Any CPU.ActiveCfg = Release|Any CPU
		{20666983-AA39-49A5-B390-41E7271D9D1B}.Release|Any CPU.Build.0 = Release|Any CPU
	EndGlobalSection
	GlobalSection(SolutionProperties) = preSolution
		HideSolutionNode = FALSE
	EndGlobalSection
	GlobalSection(ExtensibilityGlobals) = postSolution
		SolutionGuid = {1F6CFEF2-98ED-4F80-85A7-026E88FF1141}
	EndGlobalSection
EndGlobal
