
Microsoft Visual Studio Solution File, Format Version 12.00
# Visual Studio 15
VisualStudioVersion = 15.0.27130.2010
MinimumVisualStudioVersion = 10.0.40219.1
Project("{FAE04EC0-301F-11D3-BF4B-00C04F79EFBC}") = "AsyncExample", "AsyncExample\AsyncExample.csproj", "{3C5BDDF4-7A0A-44BF-B8D7-13F6071CBD01}"
EndProject
Global
	GlobalSection(SolutionConfigurationPlatforms) = preSolution
		Debug|Any CPU = Debug|Any CPU
		Release|Any CPU = Release|Any CPU
	EndGlobalSection
	GlobalSection(ProjectConfigurationPlatforms) = postSolution
		{3C5BDDF4-7A0A-44BF-B8D7-13F6071CBD01}.Debug|Any CPU.ActiveCfg = Debug|Any CPU
		{3C5BDDF4-7A0A-44BF-B8D7-13F6071CBD01}.Debug|Any CPU.Build.0 = Debug|Any CPU
		{3C5BDDF4-7A0A-44BF-B8D7-13F6071CBD01}.Release|Any CPU.ActiveCfg = Release|Any CPU
		{3C5BDDF4-7A0A-44BF-B8D7-13F6071CBD01}.Release|Any CPU.Build.0 = Release|Any CPU
	EndGlobalSection
	GlobalSection(SolutionProperties) = preSolution
		HideSolutionNode = FALSE
	EndGlobalSection
	GlobalSection(ExtensibilityGlobals) = postSolution
		SolutionGuid = {11BBEB07-DC74-4CEC-8466-3A6EBF3C1691}
	EndGlobalSection
EndGlobal
