
Microsoft Visual Studio Solution File, Format Version 12.00
# Visual Studio 15
VisualStudioVersion = 15.0.27130.2010
MinimumVisualStudioVersion = 10.0.40219.1
Project("{FAE04EC0-301F-11D3-BF4B-00C04F79EFBC}") = "HtmlScanDemo", "HtmlScanDemo\HtmlScanDemo.csproj", "{1BB46146-2C87-43ED-AF71-52558C7534E4}"
EndProject
Global
	GlobalSection(SolutionConfigurationPlatforms) = preSolution
		Debug|Any CPU = Debug|Any CPU
		Release|Any CPU = Release|Any CPU
	EndGlobalSection
	GlobalSection(ProjectConfigurationPlatforms) = postSolution
		{1BB46146-2C87-43ED-AF71-52558C7534E4}.Debug|Any CPU.ActiveCfg = Debug|Any CPU
		{1BB46146-2C87-43ED-AF71-52558C7534E4}.Debug|Any CPU.Build.0 = Debug|Any CPU
		{1BB46146-2C87-43ED-AF71-52558C7534E4}.Release|Any CPU.ActiveCfg = Release|Any CPU
		{1BB46146-2C87-43ED-AF71-52558C7534E4}.Release|Any CPU.Build.0 = Release|Any CPU
	EndGlobalSection
	GlobalSection(SolutionProperties) = preSolution
		HideSolutionNode = FALSE
	EndGlobalSection
	GlobalSection(ExtensibilityGlobals) = postSolution
		SolutionGuid = {C59B33F6-C590-4A29-807F-B93E538A648E}
	EndGlobalSection
EndGlobal
